
Microsoft Visual Studio Solution File, Format Version 12.00
# Visual Studio Version 16
VisualStudioVersion = 16.0.30204.135
MinimumVisualStudioVersion = 10.0.40219.1
Project("{8BC9CEB8-8B4A-11D0-8D11-00A0C91BC942}") = "quakespasm", "quakespasm.vcxproj", "{C0F747A3-D796-4EC0-BF2A-53722CAA3B6A}"
EndProject
Global
	GlobalSection(SolutionConfigurationPlatforms) = preSolution
		Debug-SDL2|Win32 = Debug-SDL2|Win32
		Release-SDL2|Win32 = Release-SDL2|Win32
	EndGlobalSection
	GlobalSection(ProjectConfigurationPlatforms) = postSolution
		{C0F747A3-D796-4EC0-BF2A-53722CAA3B6A}.Debug-SDL2|Win32.ActiveCfg = Debug-SDL2|Win32
		{C0F747A3-D796-4EC0-BF2A-53722CAA3B6A}.Debug-SDL2|Win32.Build.0 = Debug-SDL2|Win32
		{C0F747A3-D796-4EC0-BF2A-53722CAA3B6A}.Release-SDL2|Win32.ActiveCfg = Release-SDL2|Win32
		{C0F747A3-D796-4EC0-BF2A-53722CAA3B6A}.Release-SDL2|Win32.Build.0 = Release-SDL2|Win32
	EndGlobalSection
	GlobalSection(SolutionProperties) = preSolution
		HideSolutionNode = FALSE
	EndGlobalSection
	GlobalSection(ExtensibilityGlobals) = postSolution
		SolutionGuid = {2B6EA56C-FC04-41E8-B75F-D043FBBD351E}
	EndGlobalSection
EndGlobal
