
Microsoft Visual Studio Solution File, Format Version 10.00
# Visual C++ Express 2008
Project("{8BC9CEB8-8B4A-11D0-8D11-00A0C91BC942}") = "quakespasm", "quakespasm.vcproj", "{C0F747A3-D796-4EC0-BF2A-53722CAA3B6A}"
EndProject
Global
	GlobalSection(SolutionConfigurationPlatforms) = preSolution
		Debug|Win32 = Debug|Win32
		Debug-SDL2|Win32 = Debug-SDL2|Win32
		Release|Win32 = Release|Win32
		Release-SDL2|Win32 = Release-SDL2|Win32
	EndGlobalSection
	GlobalSection(ProjectConfigurationPlatforms) = postSolution
		{C0F747A3-D796-4EC0-BF2A-53722CAA3B6A}.Debug|Win32.ActiveCfg = Debug|Win32
		{C0F747A3-D796-4EC0-BF2A-53722CAA3B6A}.Debug|Win32.Build.0 = Debug|Win32
		{C0F747A3-D796-4EC0-BF2A-53722CAA3B6A}.Debug-SDL2|Win32.ActiveCfg = Debug-SDL2|Win32
		{C0F747A3-D796-4EC0-BF2A-53722CAA3B6A}.Debug-SDL2|Win32.Build.0 = Debug-SDL2|Win32
		{C0F747A3-D796-4EC0-BF2A-53722CAA3B6A}.Release|Win32.ActiveCfg = Release|Win32
		{C0F747A3-D796-4EC0-BF2A-53722CAA3B6A}.Release|Win32.Build.0 = Release|Win32
		{C0F747A3-D796-4EC0-BF2A-53722CAA3B6A}.Release-SDL2|Win32.ActiveCfg = Release-SDL2|Win32
		{C0F747A3-D796-4EC0-BF2A-53722CAA3B6A}.Release-SDL2|Win32.Build.0 = Release-SDL2|Win32
	EndGlobalSection
	GlobalSection(SolutionProperties) = preSolution
		HideSolutionNode = FALSE
	EndGlobalSection
EndGlobal
